// !$*UTF8*$!
{
	archiveVersion = 1;
	classes = {
	};
	objectVersion = 55;
	objects = {

/* Begin PBXBuildFile section */
		016754DB279F0BBA007257FE /* AppDelegate.swift in Sources */ = {isa = PBXBuildFile; fileRef = 016754DA279F0BBA007257FE /* AppDelegate.swift */; };
		016754DF279F0BBA007257FE /* ViewController.swift in Sources */ = {isa = PBXBuildFile; fileRef = 016754DE279F0BBA007257FE /* ViewController.swift */; };
		016754E2279F0BBA007257FE /* Main.storyboard in Resources */ = {isa = PBXBuildFile; fileRef = 016754E0279F0BBA007257FE /* Main.storyboard */; };
		016754E4279F0BBB007257FE /* Assets.xcassets in Resources */ = {isa = PBXBuildFile; fileRef = 016754E3279F0BBB007257FE /* Assets.xcassets */; };
		016754E7279F0BBB007257FE /* LaunchScreen.storyboard in Resources */ = {isa = PBXBuildFile; fileRef = 016754E5279F0BBB007257FE /* LaunchScreen.storyboard */; };
		016754F2279F0BBC007257FE /* HalanTests.swift in Sources */ = {isa = PBXBuildFile; fileRef = 016754F1279F0BBC007257FE /* HalanTests.swift */; };
		016754FC279F0BBC007257FE /* HalanUITests.swift in Sources */ = {isa = PBXBuildFile; fileRef = 016754FB279F0BBC007257FE /* HalanUITests.swift */; };
		016754FE279F0BBC007257FE /* HalanUITestsLaunchTests.swift in Sources */ = {isa = PBXBuildFile; fileRef = 016754FD279F0BBC007257FE /* HalanUITestsLaunchTests.swift */; };
		30D7A9A76B87BEC9CA1AC69D /* Pods_Halan_HalanUITests.framework in Frameworks */ = {isa = PBXBuildFile; fileRef = BA92583A48C8B42E75B4DB2C /* Pods_Halan_HalanUITests.framework */; };
		958429261EA2D4682D21422D /* Pods_Halan.framework in Frameworks */ = {isa = PBXBuildFile; fileRef = 47F1AF9D401D0194B547AB88 /* Pods_Halan.framework */; };
		C34EF1F9A18D1BD06C484786 /* Pods_HalanTests.framework in Frameworks */ = {isa = PBXBuildFile; fileRef = E78DD98CB1F69CA0FF78E12D /* Pods_HalanTests.framework */; };
/* End PBXBuildFile section */

/* Begin PBXContainerItemProxy section */
		016754EE279F0BBC007257FE /* PBXContainerItemProxy */ = {
			isa = PBXContainerItemProxy;
			containerPortal = 016754CF279F0BBA007257FE /* Project object */;
			proxyType = 1;
			remoteGlobalIDString = 016754D6279F0BBA007257FE;
			remoteInfo = Halan;
		};
		016754F8279F0BBC007257FE /* PBXContainerItemProxy */ = {
			isa = PBXContainerItemProxy;
			containerPortal = 016754CF279F0BBA007257FE /* Project object */;
			proxyType = 1;
			remoteGlobalIDString = 016754D6279F0BBA007257FE;
			remoteInfo = Halan;
		};
/* End PBXContainerItemProxy section */

/* Begin PBXFileReference section */
		016754D7279F0BBA007257FE /* Halan.app */ = {isa = PBXFileReference; explicitFileType = wrapper.application; includeInIndex = 0; path = Halan.app; sourceTree = BUILT_PRODUCTS_DIR; };
		016754DA279F0BBA007257FE /* AppDelegate.swift */ = {isa = PBXFileReference; lastKnownFileType = sourcecode.swift; path = AppDelegate.swift; sourceTree = "<group>"; };
		016754DE279F0BBA007257FE /* ViewController.swift */ = {isa = PBXFileReference; lastKnownFileType = sourcecode.swift; path = ViewController.swift; sourceTree = "<group>"; };
		016754E1279F0BBA007257FE /* Base */ = {isa = PBXFileReference; lastKnownFileType = file.storyboard; name = Base; path = Base.lproj/Main.storyboard; sourceTree = "<group>"; };
		016754E3279F0BBB007257FE /* Assets.xcassets */ = {isa = PBXFileReference; lastKnownFileType = folder.assetcatalog; path = Assets.xcassets; sourceTree = "<group>"; };
		016754E6279F0BBB007257FE /* Base */ = {isa = PBXFileReference; lastKnownFileType = file.storyboard; name = Base; path = Base.lproj/LaunchScreen.storyboard; sourceTree = "<group>"; };
		016754E8279F0BBB007257FE /* Info.plist */ = {isa = PBXFileReference; lastKnownFileType = text.plist.xml; path = Info.plist; sourceTree = "<group>"; };
		016754ED279F0BBC007257FE /* HalanTests.xctest */ = {isa = PBXFileReference; explicitFileType = wrapper.cfbundle; includeInIndex = 0; path = HalanTests.xctest; sourceTree = BUILT_PRODUCTS_DIR; };
		016754F1279F0BBC007257FE /* HalanTests.swift */ = {isa = PBXFileReference; lastKnownFileType = sourcecode.swift; path = HalanTests.swift; sourceTree = "<group>"; };
		016754F7279F0BBC007257FE /* HalanUITests.xctest */ = {isa = PBXFileReference; explicitFileType = wrapper.cfbundle; includeInIndex = 0; path = HalanUITests.xctest; sourceTree = BUILT_PRODUCTS_DIR; };
		016754FB279F0BBC007257FE /* HalanUITests.swift */ = {isa = PBXFileReference; lastKnownFileType = sourcecode.swift; path = HalanUITests.swift; sourceTree = "<group>"; };
		016754FD279F0BBC007257FE /* HalanUITestsLaunchTests.swift */ = {isa = PBXFileReference; lastKnownFileType = sourcecode.swift; path = HalanUITestsLaunchTests.swift; sourceTree = "<group>"; };
		19702BFA8FAF3F5AC6490679 /* Pods-Halan-HalanUITests.release.xcconfig */ = {isa = PBXFileReference; includeInIndex = 1; lastKnownFileType = text.xcconfig; name = "Pods-Halan-HalanUITests.release.xcconfig"; path = "Target Support Files/Pods-Halan-HalanUITests/Pods-Halan-HalanUITests.release.xcconfig"; sourceTree = "<group>"; };
		47F1AF9D401D0194B547AB88 /* Pods_Halan.framework */ = {isa = PBXFileReference; explicitFileType = wrapper.framework; includeInIndex = 0; path = Pods_Halan.framework; sourceTree = BUILT_PRODUCTS_DIR; };
		585007BAD0EC60C70FD5F636 /* Pods-Halan-HalanUITests.debug.xcconfig */ = {isa = PBXFileReference; includeInIndex = 1; lastKnownFileType = text.xcconfig; name = "Pods-Halan-HalanUITests.debug.xcconfig"; path = "Target Support Files/Pods-Halan-HalanUITests/Pods-Halan-HalanUITests.debug.xcconfig"; sourceTree = "<group>"; };
		985B874056EF07D0A9BD91D5 /* Pods-HalanTests.release.xcconfig */ = {isa = PBXFileReference; includeInIndex = 1; lastKnownFileType = text.xcconfig; name = "Pods-HalanTests.release.xcconfig"; path = "Target Support Files/Pods-HalanTests/Pods-HalanTests.release.xcconfig"; sourceTree = "<group>"; };
		A2400630B98036FD1F4DD253 /* Pods-HalanTests.debug.xcconfig */ = {isa = PBXFileReference; includeInIndex = 1; lastKnownFileType = text.xcconfig; name = "Pods-HalanTests.debug.xcconfig"; path = "Target Support Files/Pods-HalanTests/Pods-HalanTests.debug.xcconfig"; sourceTree = "<group>"; };
		A4CDAC1B5FAAEBD66BF233A3 /* Pods-Halan.debug.xcconfig */ = {isa = PBXFileReference; includeInIndex = 1; lastKnownFileType = text.xcconfig; name = "Pods-Halan.debug.xcconfig"; path = "Target Support Files/Pods-Halan/Pods-Halan.debug.xcconfig"; sourceTree = "<group>"; };
		BA92583A48C8B42E75B4DB2C /* Pods_Halan_HalanUITests.framework */ = {isa = PBXFileReference; explicitFileType = wrapper.framework; includeInIndex = 0; path = Pods_Halan_HalanUITests.framework; sourceTree = BUILT_PRODUCTS_DIR; };
		D6F246315BE6E5CD61942558 /* Pods-Halan.release.xcconfig */ = {isa = PBXFileReference; includeInIndex = 1; lastKnownFileType = text.xcconfig; name = "Pods-Halan.release.xcconfig"; path = "Target Support Files/Pods-Halan/Pods-Halan.release.xcconfig"; sourceTree = "<group>"; };
		E78DD98CB1F69CA0FF78E12D /* Pods_HalanTests.framework */ = {isa = PBXFileReference; explicitFileType = wrapper.framework; includeInIndex = 0; path = Pods_HalanTests.framework; sourceTree = BUILT_PRODUCTS_DIR; };
/* End PBXFileReference section */

/* Begin PBXFrameworksBuildPhase section */
		016754D4279F0BBA007257FE /* Frameworks */ = {
			isa = PBXFrameworksBuildPhase;
			buildActionMask = 2147483647;
			files = (
				958429261EA2D4682D21422D /* Pods_Halan.framework in Frameworks */,
			);
			runOnlyForDeploymentPostprocessing = 0;
		};
		016754EA279F0BBC007257FE /* Frameworks */ = {
			isa = PBXFrameworksBuildPhase;
			buildActionMask = 2147483647;
			files = (
				C34EF1F9A18D1BD06C484786 /* Pods_HalanTests.framework in Frameworks */,
			);
			runOnlyForDeploymentPostprocessing = 0;
		};
		016754F4279F0BBC007257FE /* Frameworks */ = {
			isa = PBXFrameworksBuildPhase;
			buildActionMask = 2147483647;
			files = (
				30D7A9A76B87BEC9CA1AC69D /* Pods_Halan_HalanUITests.framework in Frameworks */,
			);
			runOnlyForDeploymentPostprocessing = 0;
		};
/* End PBXFrameworksBuildPhase section */

/* Begin PBXGroup section */
		016754CE279F0BBA007257FE = {
			isa = PBXGroup;
			children = (
				016754D9279F0BBA007257FE /* Halan */,
				016754F0279F0BBC007257FE /* HalanTests */,
				016754FA279F0BBC007257FE /* HalanUITests */,
				016754D8279F0BBA007257FE /* Products */,
				23D27DBCFDD72753E46E3679 /* Pods */,
				03D1C0D9B64A93859516553B /* Frameworks */,
			);
			sourceTree = "<group>";
		};
		016754D8279F0BBA007257FE /* Products */ = {
			isa = PBXGroup;
			children = (
				016754D7279F0BBA007257FE /* Halan.app */,
				016754ED279F0BBC007257FE /* HalanTests.xctest */,
				016754F7279F0BBC007257FE /* HalanUITests.xctest */,
			);
			name = Products;
			sourceTree = "<group>";
		};
		016754D9279F0BBA007257FE /* Halan */ = {
			isa = PBXGroup;
			children = (
				0167550A279F0CD8007257FE /* Supporting Files */,
				0167550F279F0D58007257FE /* Modules */,
				0167550E279F0D49007257FE /* Storyboards */,
				0167550C279F0D30007257FE /* Extensions */,
				0167550D279F0D3C007257FE /* Network */,
				0167550B279F0CFF007257FE /* Resources */,
				016754DE279F0BBA007257FE /* ViewController.swift */,
			);
			path = Halan;
			sourceTree = "<group>";
		};
		016754F0279F0BBC007257FE /* HalanTests */ = {
			isa = PBXGroup;
			children = (
				016754F1279F0BBC007257FE /* HalanTests.swift */,
			);
			path = HalanTests;
			sourceTree = "<group>";
		};
		016754FA279F0BBC007257FE /* HalanUITests */ = {
			isa = PBXGroup;
			children = (
				016754FB279F0BBC007257FE /* HalanUITests.swift */,
				016754FD279F0BBC007257FE /* HalanUITestsLaunchTests.swift */,
			);
			path = HalanUITests;
			sourceTree = "<group>";
		};
		0167550A279F0CD8007257FE /* Supporting Files */ = {
			isa = PBXGroup;
			children = (
				016754DA279F0BBA007257FE /* AppDelegate.swift */,
				016754E8279F0BBB007257FE /* Info.plist */,
			);
			path = "Supporting Files";
			sourceTree = "<group>";
		};
		0167550B279F0CFF007257FE /* Resources */ = {
			isa = PBXGroup;
			children = (
				016754E3279F0BBB007257FE /* Assets.xcassets */,
				016754E5279F0BBB007257FE /* LaunchScreen.storyboard */,
			);
			path = Resources;
			sourceTree = "<group>";
		};
		0167550C279F0D30007257FE /* Extensions */ = {
			isa = PBXGroup;
			children = (
			);
			path = Extensions;
			sourceTree = "<group>";
		};
		0167550D279F0D3C007257FE /* Network */ = {
			isa = PBXGroup;
			children = (
			);
			path = Network;
			sourceTree = "<group>";
		};
		0167550E279F0D49007257FE /* Storyboards */ = {
			isa = PBXGroup;
			children = (
				016754E0279F0BBA007257FE /* Main.storyboard */,
			);
			path = Storyboards;
			sourceTree = "<group>";
		};
		0167550F279F0D58007257FE /* Modules */ = {
			isa = PBXGroup;
			children = (
			);
			path = Modules;
			sourceTree = "<group>";
		};
		03D1C0D9B64A93859516553B /* Frameworks */ = {
			isa = PBXGroup;
			children = (
				47F1AF9D401D0194B547AB88 /* Pods_Halan.framework */,
				BA92583A48C8B42E75B4DB2C /* Pods_Halan_HalanUITests.framework */,
				E78DD98CB1F69CA0FF78E12D /* Pods_HalanTests.framework */,
			);
			name = Frameworks;
			sourceTree = "<group>";
		};
		23D27DBCFDD72753E46E3679 /* Pods */ = {
			isa = PBXGroup;
			children = (
				A4CDAC1B5FAAEBD66BF233A3 /* Pods-Halan.debug.xcconfig */,
				D6F246315BE6E5CD61942558 /* Pods-Halan.release.xcconfig */,
				585007BAD0EC60C70FD5F636 /* Pods-Halan-HalanUITests.debug.xcconfig */,
				19702BFA8FAF3F5AC6490679 /* Pods-Halan-HalanUITests.release.xcconfig */,
				A2400630B98036FD1F4DD253 /* Pods-HalanTests.debug.xcconfig */,
				985B874056EF07D0A9BD91D5 /* Pods-HalanTests.release.xcconfig */,
			);
			name = Pods;
			path = Pods;
			sourceTree = "<group>";
		};
/* End PBXGroup section */

/* Begin PBXNativeTarget section */
		016754D6279F0BBA007257FE /* Halan */ = {
			isa = PBXNativeTarget;
			buildConfigurationList = 01675501279F0BBC007257FE /* Build configuration list for PBXNativeTarget "Halan" */;
			buildPhases = (
				07DA0913FE45E32F47FDE72B /* [CP] Check Pods Manifest.lock */,
				016754D3279F0BBA007257FE /* Sources */,
				016754D4279F0BBA007257FE /* Frameworks */,
				016754D5279F0BBA007257FE /* Resources */,
				562C2135EE9B44B71C016986 /* [CP] Embed Pods Frameworks */,
			);
			buildRules = (
			);
			dependencies = (
			);
			name = Halan;
			productName = Halan;
			productReference = 016754D7279F0BBA007257FE /* Halan.app */;
			productType = "com.apple.product-type.application";
		};
		016754EC279F0BBC007257FE /* HalanTests */ = {
			isa = PBXNativeTarget;
			buildConfigurationList = 01675504279F0BBC007257FE /* Build configuration list for PBXNativeTarget "HalanTests" */;
			buildPhases = (
				2F9ED5000492E2E25815D0EF /* [CP] Check Pods Manifest.lock */,
				016754E9279F0BBC007257FE /* Sources */,
				016754EA279F0BBC007257FE /* Frameworks */,
				016754EB279F0BBC007257FE /* Resources */,
			);
			buildRules = (
			);
			dependencies = (
				016754EF279F0BBC007257FE /* PBXTargetDependency */,
			);
			name = HalanTests;
			productName = HalanTests;
			productReference = 016754ED279F0BBC007257FE /* HalanTests.xctest */;
			productType = "com.apple.product-type.bundle.unit-test";
		};
		016754F6279F0BBC007257FE /* HalanUITests */ = {
			isa = PBXNativeTarget;
			buildConfigurationList = 01675507279F0BBC007257FE /* Build configuration list for PBXNativeTarget "HalanUITests" */;
			buildPhases = (
				E571A2DA17F52FFDA72D3D02 /* [CP] Check Pods Manifest.lock */,
				016754F3279F0BBC007257FE /* Sources */,
				016754F4279F0BBC007257FE /* Frameworks */,
				016754F5279F0BBC007257FE /* Resources */,
				63CB3C9A19EF25AC4B61FC30 /* [CP] Embed Pods Frameworks */,
			);
			buildRules = (
			);
			dependencies = (
				016754F9279F0BBC007257FE /* PBXTargetDependency */,
			);
			name = HalanUITests;
			productName = HalanUITests;
			productReference = 016754F7279F0BBC007257FE /* HalanUITests.xctest */;
			productType = "com.apple.product-type.bundle.ui-testing";
		};
/* End PBXNativeTarget section */

/* Begin PBXProject section */
		016754CF279F0BBA007257FE /* Project object */ = {
			isa = PBXProject;
			attributes = {
				BuildIndependentTargetsInParallel = 1;
				LastSwiftUpdateCheck = 1320;
				LastUpgradeCheck = 1320;
				TargetAttributes = {
					016754D6279F0BBA007257FE = {
						CreatedOnToolsVersion = 13.2.1;
					};
					016754EC279F0BBC007257FE = {
						CreatedOnToolsVersion = 13.2.1;
						TestTargetID = 016754D6279F0BBA007257FE;
					};
					016754F6279F0BBC007257FE = {
						CreatedOnToolsVersion = 13.2.1;
						TestTargetID = 016754D6279F0BBA007257FE;
					};
				};
			};
			buildConfigurationList = 016754D2279F0BBA007257FE /* Build configuration list for PBXProject "Halan" */;
			compatibilityVersion = "Xcode 13.0";
			developmentRegion = en;
			hasScannedForEncodings = 0;
			knownRegions = (
				en,
				Base,
			);
			mainGroup = 016754CE279F0BBA007257FE;
			productRefGroup = 016754D8279F0BBA007257FE /* Products */;
			projectDirPath = "";
			projectRoot = "";
			targets = (
				016754D6279F0BBA007257FE /* Halan */,
				016754EC279F0BBC007257FE /* HalanTests */,
				016754F6279F0BBC007257FE /* HalanUITests */,
			);
		};
/* End PBXProject section */

/* Begin PBXResourcesBuildPhase section */
		016754D5279F0BBA007257FE /* Resources */ = {
			isa = PBXResourcesBuildPhase;
			buildActionMask = 2147483647;
			files = (
				016754E7279F0BBB007257FE /* LaunchScreen.storyboard in Resources */,
				016754E4279F0BBB007257FE /* Assets.xcassets in Resources */,
				016754E2279F0BBA007257FE /* Main.storyboard in Resources */,
			);
			runOnlyForDeploymentPostprocessing = 0;
		};
		016754EB279F0BBC007257FE /* Resources */ = {
			isa = PBXResourcesBuildPhase;
			buildActionMask = 2147483647;
			files = (
			);
			runOnlyForDeploymentPostprocessing = 0;
		};
		016754F5279F0BBC007257FE /* Resources */ = {
			isa = PBXResourcesBuildPhase;
			buildActionMask = 2147483647;
			files = (
			);
			runOnlyForDeploymentPostprocessing = 0;
		};
/* End PBXResourcesBuildPhase section */

/* Begin PBXShellScriptBuildPhase section */
		07DA0913FE45E32F47FDE72B /* [CP] Check Pods Manifest.lock */ = {
			isa = PBXShellScriptBuildPhase;
			buildActionMask = 2147483647;
			files = (
			);
			inputFileListPaths = (
			);
			inputPaths = (
				"${PODS_PODFILE_DIR_PATH}/Podfile.lock",
				"${PODS_ROOT}/Manifest.lock",
			);
			name = "[CP] Check Pods Manifest.lock";
			outputFileListPaths = (
			);
			outputPaths = (
				"$(DERIVED_FILE_DIR)/Pods-Halan-checkManifestLockResult.txt",
			);
			runOnlyForDeploymentPostprocessing = 0;
			shellPath = /bin/sh;
			shellScript = "diff \"${PODS_PODFILE_DIR_PATH}/Podfile.lock\" \"${PODS_ROOT}/Manifest.lock\" > /dev/null\nif [ $? != 0 ] ; then\n    # print error to STDERR\n    echo \"error: The sandbox is not in sync with the Podfile.lock. Run 'pod install' or update your CocoaPods installation.\" >&2\n    exit 1\nfi\n# This output is used by Xcode 'outputs' to avoid re-running this script phase.\necho \"SUCCESS\" > \"${SCRIPT_OUTPUT_FILE_0}\"\n";
			showEnvVarsInLog = 0;
		};
		2F9ED5000492E2E25815D0EF /* [CP] Check Pods Manifest.lock */ = {
			isa = PBXShellScriptBuildPhase;
			buildActionMask = 2147483647;
			files = (
			);
			inputFileListPaths = (
			);
			inputPaths = (
				"${PODS_PODFILE_DIR_PATH}/Podfile.lock",
				"${PODS_ROOT}/Manifest.lock",
			);
			name = "[CP] Check Pods Manifest.lock";
			outputFileListPaths = (
			);
			outputPaths = (
				"$(DERIVED_FILE_DIR)/Pods-HalanTests-checkManifestLockResult.txt",
			);
			runOnlyForDeploymentPostprocessing = 0;
			shellPath = /bin/sh;
			shellScript = "diff \"${PODS_PODFILE_DIR_PATH}/Podfile.lock\" \"${PODS_ROOT}/Manifest.lock\" > /dev/null\nif [ $? != 0 ] ; then\n    # print error to STDERR\n    echo \"error: The sandbox is not in sync with the Podfile.lock. Run 'pod install' or update your CocoaPods installation.\" >&2\n    exit 1\nfi\n# This output is used by Xcode 'outputs' to avoid re-running this script phase.\necho \"SUCCESS\" > \"${SCRIPT_OUTPUT_FILE_0}\"\n";
			showEnvVarsInLog = 0;
		};
		562C2135EE9B44B71C016986 /* [CP] Embed Pods Frameworks */ = {
			isa = PBXShellScriptBuildPhase;
			buildActionMask = 2147483647;
			files = (
			);
			inputFileListPaths = (
				"${PODS_ROOT}/Target Support Files/Pods-Halan/Pods-Halan-frameworks-${CONFIGURATION}-input-files.xcfilelist",
			);
			name = "[CP] Embed Pods Frameworks";
			outputFileListPaths = (
				"${PODS_ROOT}/Target Support Files/Pods-Halan/Pods-Halan-frameworks-${CONFIGURATION}-output-files.xcfilelist",
			);
			runOnlyForDeploymentPostprocessing = 0;
			shellPath = /bin/sh;
			shellScript = "\"${PODS_ROOT}/Target Support Files/Pods-Halan/Pods-Halan-frameworks.sh\"\n";
			showEnvVarsInLog = 0;
		};
		63CB3C9A19EF25AC4B61FC30 /* [CP] Embed Pods Frameworks */ = {
			isa = PBXShellScriptBuildPhase;
			buildActionMask = 2147483647;
			files = (
			);
			inputFileListPaths = (
				"${PODS_ROOT}/Target Support Files/Pods-Halan-HalanUITests/Pods-Halan-HalanUITests-frameworks-${CONFIGURATION}-input-files.xcfilelist",
			);
			name = "[CP] Embed Pods Frameworks";
			outputFileListPaths = (
				"${PODS_ROOT}/Target Support Files/Pods-Halan-HalanUITests/Pods-Halan-HalanUITests-frameworks-${CONFIGURATION}-output-files.xcfilelist",
			);
			runOnlyForDeploymentPostprocessing = 0;
			shellPath = /bin/sh;
			shellScript = "\"${PODS_ROOT}/Target Support Files/Pods-Halan-HalanUITests/Pods-Halan-HalanUITests-frameworks.sh\"\n";
			showEnvVarsInLog = 0;
		};
		E571A2DA17F52FFDA72D3D02 /* [CP] Check Pods Manifest.lock */ = {
			isa = PBXShellScriptBuildPhase;
			buildActionMask = 2147483647;
			files = (
			);
			inputFileListPaths = (
			);
			inputPaths = (
				"${PODS_PODFILE_DIR_PATH}/Podfile.lock",
				"${PODS_ROOT}/Manifest.lock",
			);
			name = "[CP] Check Pods Manifest.lock";
			outputFileListPaths = (
			);
			outputPaths = (
				"$(DERIVED_FILE_DIR)/Pods-Halan-HalanUITests-checkManifestLockResult.txt",
			);
			runOnlyForDeploymentPostprocessing = 0;
			shellPath = /bin/sh;
			shellScript = "diff \"${PODS_PODFILE_DIR_PATH}/Podfile.lock\" \"${PODS_ROOT}/Manifest.lock\" > /dev/null\nif [ $? != 0 ] ; then\n    # print error to STDERR\n    echo \"error: The sandbox is not in sync with the Podfile.lock. Run 'pod install' or update your CocoaPods installation.\" >&2\n    exit 1\nfi\n# This output is used by Xcode 'outputs' to avoid re-running this script phase.\necho \"SUCCESS\" > \"${SCRIPT_OUTPUT_FILE_0}\"\n";
			showEnvVarsInLog = 0;
		};
/* End PBXShellScriptBuildPhase section */

/* Begin PBXSourcesBuildPhase section */
		016754D3279F0BBA007257FE /* Sources */ = {
			isa = PBXSourcesBuildPhase;
			buildActionMask = 2147483647;
			files = (
				016754DF279F0BBA007257FE /* ViewController.swift in Sources */,
				016754DB279F0BBA007257FE /* AppDelegate.swift in Sources */,
			);
			runOnlyForDeploymentPostprocessing = 0;
		};
		016754E9279F0BBC007257FE /* Sources */ = {
			isa = PBXSourcesBuildPhase;
			buildActionMask = 2147483647;
			files = (
				016754F2279F0BBC007257FE /* HalanTests.swift in Sources */,
			);
			runOnlyForDeploymentPostprocessing = 0;
		};
		016754F3279F0BBC007257FE /* Sources */ = {
			isa = PBXSourcesBuildPhase;
			buildActionMask = 2147483647;
			files = (
				016754FC279F0BBC007257FE /* HalanUITests.swift in Sources */,
				016754FE279F0BBC007257FE /* HalanUITestsLaunchTests.swift in Sources */,
			);
			runOnlyForDeploymentPostprocessing = 0;
		};
/* End PBXSourcesBuildPhase section */

/* Begin PBXTargetDependency section */
		016754EF279F0BBC007257FE /* PBXTargetDependency */ = {
			isa = PBXTargetDependency;
			target = 016754D6279F0BBA007257FE /* Halan */;
			targetProxy = 016754EE279F0BBC007257FE /* PBXContainerItemProxy */;
		};
		016754F9279F0BBC007257FE /* PBXTargetDependency */ = {
			isa = PBXTargetDependency;
			target = 016754D6279F0BBA007257FE /* Halan */;
			targetProxy = 016754F8279F0BBC007257FE /* PBXContainerItemProxy */;
		};
/* End PBXTargetDependency section */

/* Begin PBXVariantGroup section */
		016754E0279F0BBA007257FE /* Main.storyboard */ = {
			isa = PBXVariantGroup;
			children = (
				016754E1279F0BBA007257FE /* Base */,
			);
			name = Main.storyboard;
			sourceTree = "<group>";
		};
		016754E5279F0BBB007257FE /* LaunchScreen.storyboard */ = {
			isa = PBXVariantGroup;
			children = (
				016754E6279F0BBB007257FE /* Base */,
			);
			name = LaunchScreen.storyboard;
			sourceTree = "<group>";
		};
/* End PBXVariantGroup section */

/* Begin XCBuildConfiguration section */
		016754FF279F0BBC007257FE /* Debug */ = {
			isa = XCBuildConfiguration;
			buildSettings = {
				ALWAYS_SEARCH_USER_PATHS = NO;
				CLANG_ANALYZER_NONNULL = YES;
				CLANG_ANALYZER_NUMBER_OBJECT_CONVERSION = YES_AGGRESSIVE;
				CLANG_CXX_LANGUAGE_STANDARD = "gnu++17";
				CLANG_CXX_LIBRARY = "libc++";
				CLANG_ENABLE_MODULES = YES;
				CLANG_ENABLE_OBJC_ARC = YES;
				CLANG_ENABLE_OBJC_WEAK = YES;
				CLANG_WARN_BLOCK_CAPTURE_AUTORELEASING = YES;
				CLANG_WARN_BOOL_CONVERSION = YES;
				CLANG_WARN_COMMA = YES;
				CLANG_WARN_CONSTANT_CONVERSION = YES;
				CLANG_WARN_DEPRECATED_OBJC_IMPLEMENTATIONS = YES;
				CLANG_WARN_DIRECT_OBJC_ISA_USAGE = YES_ERROR;
				CLANG_WARN_DOCUMENTATION_COMMENTS = YES;
				CLANG_WARN_EMPTY_BODY = YES;
				CLANG_WARN_ENUM_CONVERSION = YES;
				CLANG_WARN_INFINITE_RECURSION = YES;
				CLANG_WARN_INT_CONVERSION = YES;
				CLANG_WARN_NON_LITERAL_NULL_CONVERSION = YES;
				CLANG_WARN_OBJC_IMPLICIT_RETAIN_SELF = YES;
				CLANG_WARN_OBJC_LITERAL_CONVERSION = YES;
				CLANG_WARN_OBJC_ROOT_CLASS = YES_ERROR;
				CLANG_WARN_QUOTED_INCLUDE_IN_FRAMEWORK_HEADER = YES;
				CLANG_WARN_RANGE_LOOP_ANALYSIS = YES;
				CLANG_WARN_STRICT_PROTOTYPES = YES;
				CLANG_WARN_SUSPICIOUS_MOVE = YES;
				CLANG_WARN_UNGUARDED_AVAILABILITY = YES_AGGRESSIVE;
				CLANG_WARN_UNREACHABLE_CODE = YES;
				CLANG_WARN__DUPLICATE_METHOD_MATCH = YES;
				COPY_PHASE_STRIP = NO;
				DEBUG_INFORMATION_FORMAT = dwarf;
				ENABLE_STRICT_OBJC_MSGSEND = YES;
				ENABLE_TESTABILITY = YES;
				GCC_C_LANGUAGE_STANDARD = gnu11;
				GCC_DYNAMIC_NO_PIC = NO;
				GCC_NO_COMMON_BLOCKS = YES;
				GCC_OPTIMIZATION_LEVEL = 0;
				GCC_PREPROCESSOR_DEFINITIONS = (
					"DEBUG=1",
					"$(inherited)",
				);
				GCC_WARN_64_TO_32_BIT_CONVERSION = YES;
				GCC_WARN_ABOUT_RETURN_TYPE = YES_ERROR;
				GCC_WARN_UNDECLARED_SELECTOR = YES;
				GCC_WARN_UNINITIALIZED_AUTOS = YES_AGGRESSIVE;
				GCC_WARN_UNUSED_FUNCTION = YES;
				GCC_WARN_UNUSED_VARIABLE = YES;
				IPHONEOS_DEPLOYMENT_TARGET = 15.2;
				MTL_ENABLE_DEBUG_INFO = INCLUDE_SOURCE;
				MTL_FAST_MATH = YES;
				ONLY_ACTIVE_ARCH = YES;
				SDKROOT = iphoneos;
				SWIFT_ACTIVE_COMPILATION_CONDITIONS = DEBUG;
				SWIFT_OPTIMIZATION_LEVEL = "-Onone";
			};
			name = Debug;
		};
		01675500279F0BBC007257FE /* Release */ = {
			isa = XCBuildConfiguration;
			buildSettings = {
				ALWAYS_SEARCH_USER_PATHS = NO;
				CLANG_ANALYZER_NONNULL = YES;
				CLANG_ANALYZER_NUMBER_OBJECT_CONVERSION = YES_AGGRESSIVE;
				CLANG_CXX_LANGUAGE_STANDARD = "gnu++17";
				CLANG_CXX_LIBRARY = "libc++";
				CLANG_ENABLE_MODULES = YES;
				CLANG_ENABLE_OBJC_ARC = YES;
				CLANG_ENABLE_OBJC_WEAK = YES;
				CLANG_WARN_BLOCK_CAPTURE_AUTORELEASING = YES;
				CLANG_WARN_BOOL_CONVERSION = YES;
				CLANG_WARN_COMMA = YES;
				CLANG_WARN_CONSTANT_CONVERSION = YES;
				CLANG_WARN_DEPRECATED_OBJC_IMPLEMENTATIONS = YES;
				CLANG_WARN_DIRECT_OBJC_ISA_USAGE = YES_ERROR;
				CLANG_WARN_DOCUMENTATION_COMMENTS = YES;
				CLANG_WARN_EMPTY_BODY = YES;
				CLANG_WARN_ENUM_CONVERSION = YES;
				CLANG_WARN_INFINITE_RECURSION = YES;
				CLANG_WARN_INT_CONVERSION = YES;
				CLANG_WARN_NON_LITERAL_NULL_CONVERSION = YES;
				CLANG_WARN_OBJC_IMPLICIT_RETAIN_SELF = YES;
				CLANG_WARN_OBJC_LITERAL_CONVERSION = YES;
				CLANG_WARN_OBJC_ROOT_CLASS = YES_ERROR;
				CLANG_WARN_QUOTED_INCLUDE_IN_FRAMEWORK_HEADER = YES;
				CLANG_WARN_RANGE_LOOP_ANALYSIS = YES;
				CLANG_WARN_STRICT_PROTOTYPES = YES;
				CLANG_WARN_SUSPICIOUS_MOVE = YES;
				CLANG_WARN_UNGUARDED_AVAILABILITY = YES_AGGRESSIVE;
				CLANG_WARN_UNREACHABLE_CODE = YES;
				CLANG_WARN__DUPLICATE_METHOD_MATCH = YES;
				COPY_PHASE_STRIP = NO;
				DEBUG_INFORMATION_FORMAT = "dwarf-with-dsym";
				ENABLE_NS_ASSERTIONS = NO;
				ENABLE_STRICT_OBJC_MSGSEND = YES;
				GCC_C_LANGUAGE_STANDARD = gnu11;
				GCC_NO_COMMON_BLOCKS = YES;
				GCC_WARN_64_TO_32_BIT_CONVERSION = YES;
				GCC_WARN_ABOUT_RETURN_TYPE = YES_ERROR;
				GCC_WARN_UNDECLARED_SELECTOR = YES;
				GCC_WARN_UNINITIALIZED_AUTOS = YES_AGGRESSIVE;
				GCC_WARN_UNUSED_FUNCTION = YES;
				GCC_WARN_UNUSED_VARIABLE = YES;
				IPHONEOS_DEPLOYMENT_TARGET = 15.2;
				MTL_ENABLE_DEBUG_INFO = NO;
				MTL_FAST_MATH = YES;
				SDKROOT = iphoneos;
				SWIFT_COMPILATION_MODE = wholemodule;
				SWIFT_OPTIMIZATION_LEVEL = "-O";
				VALIDATE_PRODUCT = YES;
			};
			name = Release;
		};
		01675502279F0BBC007257FE /* Debug */ = {
			isa = XCBuildConfiguration;
			baseConfigurationReference = A4CDAC1B5FAAEBD66BF233A3 /* Pods-Halan.debug.xcconfig */;
			buildSettings = {
				ASSETCATALOG_COMPILER_APPICON_NAME = AppIcon;
				ASSETCATALOG_COMPILER_GLOBAL_ACCENT_COLOR_NAME = AccentColor;
				CODE_SIGN_STYLE = Automatic;
				CURRENT_PROJECT_VERSION = 1;
				DEVELOPMENT_TEAM = K299V5NB32;
				GENERATE_INFOPLIST_FILE = YES;
				INFOPLIST_FILE = Halan/Info.plist;
				INFOPLIST_KEY_UIApplicationSupportsIndirectInputEvents = YES;
				INFOPLIST_KEY_UILaunchStoryboardName = LaunchScreen;
				INFOPLIST_KEY_UIMainStoryboardFile = Main;
				INFOPLIST_KEY_UISupportedInterfaceOrientations_iPad = "UIInterfaceOrientationPortrait UIInterfaceOrientationPortraitUpsideDown UIInterfaceOrientationLandscapeLeft UIInterfaceOrientationLandscapeRight";
				INFOPLIST_KEY_UISupportedInterfaceOrientations_iPhone = "UIInterfaceOrientationPortrait UIInterfaceOrientationLandscapeLeft UIInterfaceOrientationLandscapeRight";
				LD_RUNPATH_SEARCH_PATHS = (
					"$(inherited)",
					"@executable_path/Frameworks",
				);
				MARKETING_VERSION = 1.0;
				PRODUCT_BUNDLE_IDENTIFIER = com.moamen.Halan;
				PRODUCT_NAME = "$(TARGET_NAME)";
				SWIFT_EMIT_LOC_STRINGS = YES;
				SWIFT_VERSION = 5.0;
				TARGETED_DEVICE_FAMILY = "1,2";
			};
			name = Debug;
		};
		01675503279F0BBC007257FE /* Release */ = {
			isa = XCBuildConfiguration;
			baseConfigurationReference = D6F246315BE6E5CD61942558 /* Pods-Halan.release.xcconfig */;
			buildSettings = {
				ASSETCATALOG_COMPILER_APPICON_NAME = AppIcon;
				ASSETCATALOG_COMPILER_GLOBAL_ACCENT_COLOR_NAME = AccentColor;
				CODE_SIGN_STYLE = Automatic;
				CURRENT_PROJECT_VERSION = 1;
				DEVELOPMENT_TEAM = K299V5NB32;
				GENERATE_INFOPLIST_FILE = YES;
				INFOPLIST_FILE = Halan/Info.plist;
				INFOPLIST_KEY_UIApplicationSupportsIndirectInputEvents = YES;
				INFOPLIST_KEY_UILaunchStoryboardName = LaunchScreen;
				INFOPLIST_KEY_UIMainStoryboardFile = Main;
				INFOPLIST_KEY_UISupportedInterfaceOrientations_iPad = "UIInterfaceOrientationPortrait UIInterfaceOrientationPortraitUpsideDown UIInterfaceOrientationLandscapeLeft UIInterfaceOrientationLandscapeRight";
				INFOPLIST_KEY_UISupportedInterfaceOrientations_iPhone = "UIInterfaceOrientationPortrait UIInterfaceOrientationLandscapeLeft UIInterfaceOrientationLandscapeRight";
				LD_RUNPATH_SEARCH_PATHS = (
					"$(inherited)",
					"@executable_path/Frameworks",
				);
				MARKETING_VERSION = 1.0;
				PRODUCT_BUNDLE_IDENTIFIER = com.moamen.Halan;
				PRODUCT_NAME = "$(TARGET_NAME)";
				SWIFT_EMIT_LOC_STRINGS = YES;
				SWIFT_VERSION = 5.0;
				TARGETED_DEVICE_FAMILY = "1,2";
			};
			name = Release;
		};
		01675505279F0BBC007257FE /* Debug */ = {
			isa = XCBuildConfiguration;
			baseConfigurationReference = A2400630B98036FD1F4DD253 /* Pods-HalanTests.debug.xcconfig */;
			buildSettings = {
				ALWAYS_EMBED_SWIFT_STANDARD_LIBRARIES = YES;
				BUNDLE_LOADER = "$(TEST_HOST)";
				CODE_SIGN_STYLE = Automatic;
				CURRENT_PROJECT_VERSION = 1;
				DEVELOPMENT_TEAM = K299V5NB32;
				GENERATE_INFOPLIST_FILE = YES;
				IPHONEOS_DEPLOYMENT_TARGET = 15.2;
				MARKETING_VERSION = 1.0;
				PRODUCT_BUNDLE_IDENTIFIER = com.moamen.HalanTests;
				PRODUCT_NAME = "$(TARGET_NAME)";
				SWIFT_EMIT_LOC_STRINGS = NO;
				SWIFT_VERSION = 5.0;
				TARGETED_DEVICE_FAMILY = "1,2";
				TEST_HOST = "$(BUILT_PRODUCTS_DIR)/Halan.app/Halan";
			};
			name = Debug;
		};
		01675506279F0BBC007257FE /* Release */ = {
			isa = XCBuildConfiguration;
			baseConfigurationReference = 985B874056EF07D0A9BD91D5 /* Pods-HalanTests.release.xcconfig */;
			buildSettings = {
				ALWAYS_EMBED_SWIFT_STANDARD_LIBRARIES = YES;
				BUNDLE_LOADER = "$(TEST_HOST)";
				CODE_SIGN_STYLE = Automatic;
				CURRENT_PROJECT_VERSION = 1;
				DEVELOPMENT_TEAM = K299V5NB32;
				GENERATE_INFOPLIST_FILE = YES;
				IPHONEOS_DEPLOYMENT_TARGET = 15.2;
				MARKETING_VERSION = 1.0;
				PRODUCT_BUNDLE_IDENTIFIER = com.moamen.HalanTests;
				PRODUCT_NAME = "$(TARGET_NAME)";
				SWIFT_EMIT_LOC_STRINGS = NO;
				SWIFT_VERSION = 5.0;
				TARGETED_DEVICE_FAMILY = "1,2";
				TEST_HOST = "$(BUILT_PRODUCTS_DIR)/Halan.app/Halan";
			};
			name = Release;
		};
		01675508279F0BBC007257FE /* Debug */ = {
			isa = XCBuildConfiguration;
			baseConfigurationReference = 585007BAD0EC60C70FD5F636 /* Pods-Halan-HalanUITests.debug.xcconfig */;
			buildSettings = {
				ALWAYS_EMBED_SWIFT_STANDARD_LIBRARIES = YES;
				CODE_SIGN_STYLE = Automatic;
				CURRENT_PROJECT_VERSION = 1;
				DEVELOPMENT_TEAM = K299V5NB32;
				GENERATE_INFOPLIST_FILE = YES;
				MARKETING_VERSION = 1.0;
				PRODUCT_BUNDLE_IDENTIFIER = com.moamen.HalanUITests;
				PRODUCT_NAME = "$(TARGET_NAME)";
				SWIFT_EMIT_LOC_STRINGS = NO;
				SWIFT_VERSION = 5.0;
				TARGETED_DEVICE_FAMILY = "1,2";
				TEST_TARGET_NAME = Halan;
			};
			name = Debug;
		};
		01675509279F0BBC007257FE /* Release */ = {
			isa = XCBuildConfiguration;
			baseConfigurationReference = 19702BFA8FAF3F5AC6490679 /* Pods-Halan-HalanUITests.release.xcconfig */;
			buildSettings = {
				ALWAYS_EMBED_SWIFT_STANDARD_LIBRARIES = YES;
				CODE_SIGN_STYLE = Automatic;
				CURRENT_PROJECT_VERSION = 1;
				DEVELOPMENT_TEAM = K299V5NB32;
				GENERATE_INFOPLIST_FILE = YES;
				MARKETING_VERSION = 1.0;
				PRODUCT_BUNDLE_IDENTIFIER = com.moamen.HalanUITests;
				PRODUCT_NAME = "$(TARGET_NAME)";
				SWIFT_EMIT_LOC_STRINGS = NO;
				SWIFT_VERSION = 5.0;
				TARGETED_DEVICE_FAMILY = "1,2";
				TEST_TARGET_NAME = Halan;
			};
			name = Release;
		};
/* End XCBuildConfiguration section */

/* Begin XCConfigurationList section */
		016754D2279F0BBA007257FE /* Build configuration list for PBXProject "Halan" */ = {
			isa = XCConfigurationList;
			buildConfigurations = (
				016754FF279F0BBC007257FE /* Debug */,
				01675500279F0BBC007257FE /* Release */,
			);
			defaultConfigurationIsVisible = 0;
			defaultConfigurationName = Release;
		};
		01675501279F0BBC007257FE /* Build configuration list for PBXNativeTarget "Halan" */ = {
			isa = XCConfigurationList;
			buildConfigurations = (
				01675502279F0BBC007257FE /* Debug */,
				01675503279F0BBC007257FE /* Release */,
			);
			defaultConfigurationIsVisible = 0;
			defaultConfigurationName = Release;
		};
		01675504279F0BBC007257FE /* Build configuration list for PBXNativeTarget "HalanTests" */ = {
			isa = XCConfigurationList;
			buildConfigurations = (
				01675505279F0BBC007257FE /* Debug */,
				01675506279F0BBC007257FE /* Release */,
			);
			defaultConfigurationIsVisible = 0;
			defaultConfigurationName = Release;
		};
		01675507279F0BBC007257FE /* Build configuration list for PBXNativeTarget "HalanUITests" */ = {
			isa = XCConfigurationList;
			buildConfigurations = (
				01675508279F0BBC007257FE /* Debug */,
				01675509279F0BBC007257FE /* Release */,
			);
			defaultConfigurationIsVisible = 0;
			defaultConfigurationName = Release;
		};
/* End XCConfigurationList section */
	};
	rootObject = 016754CF279F0BBA007257FE /* Project object */;
}
